{
  "version": 4,
  "terraform_version": "1.2.2",
  "serial": 4,
  "lineage": "0e5c6b4f-fef8-f04a-f199-4b08823dcc1b",
  "outputs": {
    "azurerm_mssql_database_name": {
      "value": "dados",
      "type": "string"
    },
    "azurerm_mssql_server_name": {
      "value": "satc-sqlserver-jorge",
      "type": "string"
    },
    "password": {
      "value": "senha@2022",
      "type": "string"
    },
    "username": {
      "value": "admin_user",
      "type": "string"
    }
  },
  "resources": [
    {
      "mode": "managed",
      "type": "azurerm_mssql_database",
      "name": "sql",
      "provider": "provider[\"registry.terraform.io/hashicorp/azurerm\"]",
      "instances": [
        {
          "schema_version": 1,
          "attributes": {
            "auto_pause_delay_in_minutes": -1,
            "collation": "SQL_Latin1_General_CP1_CI_AS",
            "create_mode": "Default",
            "creation_source_database_id": null,
            "elastic_pool_id": "",
            "geo_backup_enabled": true,
            "id": "/subscriptions/06606589-7232-4362-a192-aa2185e6c76c/resourceGroups/learn-1a1bacef-3eef-49ee-ac8b-32b0f494ac9b/providers/Microsoft.Sql/servers/satc-sqlserver-jorge/databases/dados",
            "license_type": "",
            "long_term_retention_policy": [
              {
                "monthly_retention": "PT0S",
                "week_of_year": 0,
                "weekly_retention": "PT0S",
                "yearly_retention": "PT0S"
              }
            ],
            "max_size_gb": 64,
            "min_capacity": 40,
            "name": "dados",
            "read_replica_count": 0,
            "read_scale": false,
            "recover_database_id": null,
            "restore_dropped_database_id": null,
            "restore_point_in_time": null,
            "sample_name": null,
            "server_id": "/subscriptions/06606589-7232-4362-a192-aa2185e6c76c/resourceGroups/learn-1a1bacef-3eef-49ee-ac8b-32b0f494ac9b/providers/Microsoft.Sql/servers/satc-sqlserver-jorge",
            "short_term_retention_policy": [
              {
                "retention_days": 7
              }
            ],
            "sku_name": "GP_S_Gen5_40",
            "storage_account_type": "Geo",
            "tags": null,
            "threat_detection_policy": [
              {
                "disabled_alerts": [],
                "email_account_admins": "Disabled",
                "email_addresses": [],
                "retention_days": 0,
                "state": "Disabled",
                "storage_account_access_key": "",
                "storage_endpoint": ""
              }
            ],
            "timeouts": null,
            "transparent_data_encryption_enabled": true,
            "zone_redundant": false
          },
          "sensitive_attributes": [],
          "private": "eyJlMmJmYjczMC1lY2FhLTExZTYtOGY4OC0zNDM2M2JjN2M0YzAiOnsiY3JlYXRlIjozNjAwMDAwMDAwMDAwLCJkZWxldGUiOjM2MDAwMDAwMDAwMDAsInJlYWQiOjMwMDAwMDAwMDAwMCwidXBkYXRlIjozNjAwMDAwMDAwMDAwfSwic2NoZW1hX3ZlcnNpb24iOiIxIn0=",
          "dependencies": [
            "azurerm_mssql_server.sql"
          ]
        }
      ]
    },
    {
      "mode": "managed",
      "type": "azurerm_mssql_firewall_rule",
      "name": "sql",
      "provider": "provider[\"registry.terraform.io/hashicorp/azurerm\"]",
      "instances": [
        {
          "schema_version": 0,
          "attributes": {
            "end_ip_address": "179.216.27.203",
            "id": "/subscriptions/06606589-7232-4362-a192-aa2185e6c76c/resourceGroups/learn-1a1bacef-3eef-49ee-ac8b-32b0f494ac9b/providers/Microsoft.Sql/servers/satc-sqlserver-jorge/firewallRules/RegraFWInternet",
            "name": "RegraFWInternet",
            "server_id": "/subscriptions/06606589-7232-4362-a192-aa2185e6c76c/resourceGroups/learn-1a1bacef-3eef-49ee-ac8b-32b0f494ac9b/providers/Microsoft.Sql/servers/satc-sqlserver-jorge",
            "start_ip_address": "179.216.27.203",
            "timeouts": null
          },
          "sensitive_attributes": [],
          "private": "eyJlMmJmYjczMC1lY2FhLTExZTYtOGY4OC0zNDM2M2JjN2M0YzAiOnsiY3JlYXRlIjoxODAwMDAwMDAwMDAwLCJkZWxldGUiOjE4MDAwMDAwMDAwMDAsInJlYWQiOjMwMDAwMDAwMDAwMCwidXBkYXRlIjoxODAwMDAwMDAwMDAwfX0=",
          "dependencies": [
            "azurerm_mssql_server.sql"
          ]
        }
      ]
    },
    {
      "mode": "managed",
      "type": "azurerm_mssql_server",
      "name": "sql",
      "provider": "provider[\"registry.terraform.io/hashicorp/azurerm\"]",
      "instances": [
        {
          "schema_version": 0,
          "attributes": {
            "administrator_login": "admin_user",
            "administrator_login_password": "senha@2022",
            "azuread_administrator": [],
            "connection_policy": "Default",
            "fully_qualified_domain_name": "satc-sqlserver-jorge.database.windows.net",
            "id": "/subscriptions/06606589-7232-4362-a192-aa2185e6c76c/resourceGroups/learn-1a1bacef-3eef-49ee-ac8b-32b0f494ac9b/providers/Microsoft.Sql/servers/satc-sqlserver-jorge",
            "identity": [],
            "location": "brazilsouth",
            "minimum_tls_version": "1.2",
            "name": "satc-sqlserver-jorge",
            "outbound_network_restriction_enabled": false,
            "primary_user_assigned_identity_id": "",
            "public_network_access_enabled": true,
            "resource_group_name": "learn-1a1bacef-3eef-49ee-ac8b-32b0f494ac9b",
            "restorable_dropped_database_ids": [],
            "tags": null,
            "timeouts": null,
            "version": "12.0"
          },
          "sensitive_attributes": [],
          "private": "eyJlMmJmYjczMC1lY2FhLTExZTYtOGY4OC0zNDM2M2JjN2M0YzAiOnsiY3JlYXRlIjozNjAwMDAwMDAwMDAwLCJkZWxldGUiOjM2MDAwMDAwMDAwMDAsInJlYWQiOjMwMDAwMDAwMDAwMCwidXBkYXRlIjozNjAwMDAwMDAwMDAwfX0="
        }
      ]
    }
  ]
}
